// !$*UTF8*$!
{
	archiveVersion = 1;
	classes = {
	};
	objectVersion = 77;
	objects = {

/* Begin PBXContainerItemProxy section */
		D000C53D2EA951AC00F120BE /* PBXContainerItemProxy */ = {
			isa = PBXContainerItemProxy;
			containerPortal = D000C5252EA951AA00F120BE /* Project object */;
			proxyType = 1;
			remoteGlobalIDString = D000C52C2EA951AA00F120BE;
			remoteInfo = XsiteDubai;
		};
		D000C5472EA951AC00F120BE /* PBXContainerItemProxy */ = {
			isa = PBXContainerItemProxy;
			containerPortal = D000C5252EA951AA00F120BE /* Project object */;
			proxyType = 1;
			remoteGlobalIDString = D000C52C2EA951AA00F120BE;
			remoteInfo = XsiteDubai;
		};
/* End PBXContainerItemProxy section */

/* Begin PBXFileReference section */
		D000C52D2EA951AA00F120BE /* XsiteDubai.app */ = {isa = PBXFileReference; explicitFileType = wrapper.application; includeInIndex = 0; path = XsiteDubai.app; sourceTree = BUILT_PRODUCTS_DIR; };
		D000C53C2EA951AC00F120BE /* XsiteDubaiTests.xctest */ = {isa = PBXFileReference; explicitFileType = wrapper.cfbundle; includeInIndex = 0; path = XsiteDubaiTests.xctest; sourceTree = BUILT_PRODUCTS_DIR; };
		D000C5462EA951AC00F120BE /* XsiteDubaiUITests.xctest */ = {isa = PBXFileReference; explicitFileType = wrapper.cfbundle; includeInIndex = 0; path = XsiteDubaiUITests.xctest; sourceTree = BUILT_PRODUCTS_DIR; };
/* End PBXFileReference section */

/* Begin PBXFileSystemSynchronizedBuildFileExceptionSet section */
		D000C55C2EA951E000F120BE /* Exceptions for "XsiteDubaiUITests" folder in "XsiteDubai" target */ = {
			isa = PBXFileSystemSynchronizedBuildFileExceptionSet;
			membershipExceptions = (
				info.plist,
			);
			target = D000C52C2EA951AA00F120BE /* XsiteDubai */;
		};
		D000C55D2EA951E000F120BE /* Exceptions for "XsiteDubaiUITests" folder in "XsiteDubaiUITests" target */ = {
			isa = PBXFileSystemSynchronizedBuildFileExceptionSet;
			membershipExceptions = (
				info.plist,
			);
			target = D000C5452EA951AC00F120BE /* XsiteDubaiUITests */;
		};
		D000C5A12EA98DA400F120BE /* Exceptions for "XsiteDubaiTests" folder in "XsiteDubai" target */ = {
			isa = PBXFileSystemSynchronizedBuildFileExceptionSet;
			membershipExceptions = (
				AboutView.swift,
				Assets.xcassets,
				contactView.swift,
				"Content View.swift",
				ContentView.swift,
				Item.swift,
				theme.swift,
				"XsiteDubaiApp 2.swift",
				XsiteDubaiApp.swift,
			);
			target = D000C52C2EA951AA00F120BE /* XsiteDubai */;
		};
		D000C5A22EA98DA400F120BE /* Exceptions for "XsiteDubaiTests" folder in "XsiteDubaiTests" target */ = {
			isa = PBXFileSystemSynchronizedBuildFileExceptionSet;
			membershipExceptions = (
				AboutView.swift,
				Assets.xcassets,
				contactView.swift,
				"Content View.swift",
				ContentView.swift,
				Item.swift,
				theme.swift,
				"XsiteDubaiApp 2.swift",
				XsiteDubaiApp.swift,
			);
			target = D000C53B2EA951AC00F120BE /* XsiteDubaiTests */;
		};
/* End PBXFileSystemSynchronizedBuildFileExceptionSet section */

/* Begin PBXFileSystemSynchronizedRootGroup section */
		D000C53F2EA951AC00F120BE /* XsiteDubaiTests */ = {
			isa = PBXFileSystemSynchronizedRootGroup;
			exceptions = (
				D000C5A12EA98DA400F120BE /* Exceptions for "XsiteDubaiTests" folder in "XsiteDubai" target */,
				D000C5A22EA98DA400F120BE /* Exceptions for "XsiteDubaiTests" folder in "XsiteDubaiTests" target */,
			);
			path = XsiteDubaiTests;
			sourceTree = "<group>";
		};
		D000C5492EA951AC00F120BE /* XsiteDubaiUITests */ = {
			isa = PBXFileSystemSynchronizedRootGroup;
			exceptions = (
				D000C55C2EA951E000F120BE /* Exceptions for "XsiteDubaiUITests" folder in "XsiteDubai" target */,
				D000C55D2EA951E000F120BE /* Exceptions for "XsiteDubaiUITests" folder in "XsiteDubaiUITests" target */,
			);
			path = XsiteDubaiUITests;
			sourceTree = "<group>";
		};
/* End PBXFileSystemSynchronizedRootGroup section */

/* Begin PBXFrameworksBuildPhase section */
		D000C52A2EA951AA00F120BE /* Frameworks */ = {
			isa = PBXFrameworksBuildPhase;
			buildActionMask = 2147483647;
			files = (
			);
			runOnlyForDeploymentPostprocessing = 0;
		};
		D000C5392EA951AC00F120BE /* Frameworks */ = {
			isa = PBXFrameworksBuildPhase;
			buildActionMask = 2147483647;
			files = (
			);
			runOnlyForDeploymentPostprocessing = 0;
		};
		D000C5432EA951AC00F120BE /* Frameworks */ = {
			isa = PBXFrameworksBuildPhase;
			buildActionMask = 2147483647;
			files = (
			);
			runOnlyForDeploymentPostprocessing = 0;
		};
/* End PBXFrameworksBuildPhase section */

/* Begin PBXGroup section */
		D000C5242EA951AA00F120BE = {
			isa = PBXGroup;
			children = (
				D000C53F2EA951AC00F120BE /* XsiteDubaiTests */,
				D000C5492EA951AC00F120BE /* XsiteDubaiUITests */,
				D000C52E2EA951AA00F120BE /* Products */,
				E2AE70E8DFBADB4B97D36A9E /* Pods */,
			);
			sourceTree = "<group>";
		};
		D000C52E2EA951AA00F120BE /* Products */ = {
			isa = PBXGroup;
			children = (
				D000C52D2EA951AA00F120BE /* XsiteDubai.app */,
				D000C53C2EA951AC00F120BE /* XsiteDubaiTests.xctest */,
				D000C5462EA951AC00F120BE /* XsiteDubaiUITests.xctest */,
			);
			name = Products;
			sourceTree = "<group>";
		};
		E2AE70E8DFBADB4B97D36A9E /* Pods */ = {
			isa = PBXGroup;
			children = (
			);
			path = Pods;
			sourceTree = "<group>";
		};
/* End PBXGroup section */

/* Begin PBXNativeTarget section */
		D000C52C2EA951AA00F120BE /* XsiteDubai */ = {
			isa = PBXNativeTarget;
			buildConfigurationList = D000C5502EA951AC00F120BE /* Build configuration list for PBXNativeTarget "XsiteDubai" */;
			buildPhases = (
				D000C5292EA951AA00F120BE /* Sources */,
				D000C52A2EA951AA00F120BE /* Frameworks */,
				D000C52B2EA951AA00F120BE /* Resources */,
			);
			buildRules = (
			);
			dependencies = (
			);
			name = XsiteDubai;
			productName = XsiteDubai;
			productReference = D000C52D2EA951AA00F120BE /* XsiteDubai.app */;
			productType = "com.apple.product-type.application";
		};
		D000C53B2EA951AC00F120BE /* XsiteDubaiTests */ = {
			isa = PBXNativeTarget;
			buildConfigurationList = D000C5532EA951AC00F120BE /* Build configuration list for PBXNativeTarget "XsiteDubaiTests" */;
			buildPhases = (
				D000C5382EA951AC00F120BE /* Sources */,
				D000C5392EA951AC00F120BE /* Frameworks */,
				D000C53A2EA951AC00F120BE /* Resources */,
			);
			buildRules = (
			);
			dependencies = (
				D000C53E2EA951AC00F120BE /* PBXTargetDependency */,
			);
			fileSystemSynchronizedGroups = (
				D000C53F2EA951AC00F120BE /* XsiteDubaiTests */,
			);
			name = XsiteDubaiTests;
			productName = XsiteDubaiTests;
			productReference = D000C53C2EA951AC00F120BE /* XsiteDubaiTests.xctest */;
			productType = "com.apple.product-type.bundle.unit-test";
		};
		D000C5452EA951AC00F120BE /* XsiteDubaiUITests */ = {
			isa = PBXNativeTarget;
			buildConfigurationList = D000C5562EA951AC00F120BE /* Build configuration list for PBXNativeTarget "XsiteDubaiUITests" */;
			buildPhases = (
				D000C5422EA951AC00F120BE /* Sources */,
				D000C5432EA951AC00F120BE /* Frameworks */,
				D000C5442EA951AC00F120BE /* Resources */,
			);
			buildRules = (
			);
			dependencies = (
				D000C5482EA951AC00F120BE /* PBXTargetDependency */,
			);
			fileSystemSynchronizedGroups = (
				D000C5492EA951AC00F120BE /* XsiteDubaiUITests */,
			);
			name = XsiteDubaiUITests;
			productName = XsiteDubaiUITests;
			productReference = D000C5462EA951AC00F120BE /* XsiteDubaiUITests.xctest */;
			productType = "com.apple.product-type.bundle.ui-testing";
		};
/* End PBXNativeTarget section */

/* Begin PBXProject section */
		D000C5252EA951AA00F120BE /* Project object */ = {
			isa = PBXProject;
			attributes = {
				BuildIndependentTargetsInParallel = 1;
				LastSwiftUpdateCheck = 2600;
				LastUpgradeCheck = 2600;
				TargetAttributes = {
					D000C52C2EA951AA00F120BE = {
						CreatedOnToolsVersion = 26.0.1;
					};
					D000C53B2EA951AC00F120BE = {
						CreatedOnToolsVersion = 26.0.1;
						TestTargetID = D000C52C2EA951AA00F120BE;
					};
					D000C5452EA951AC00F120BE = {
						CreatedOnToolsVersion = 26.0.1;
						TestTargetID = D000C52C2EA951AA00F120BE;
					};
				};
			};
			buildConfigurationList = D000C5282EA951AA00F120BE /* Build configuration list for PBXProject "XsiteDubai" */;
			developmentRegion = en;
			hasScannedForEncodings = 0;
			knownRegions = (
				en,
				Base,
			);
			mainGroup = D000C5242EA951AA00F120BE;
			minimizedProjectReferenceProxies = 1;
			preferredProjectObjectVersion = 77;
			productRefGroup = D000C52E2EA951AA00F120BE /* Products */;
			projectDirPath = "";
			projectRoot = "";
			targets = (
				D000C52C2EA951AA00F120BE /* XsiteDubai */,
				D000C53B2EA951AC00F120BE /* XsiteDubaiTests */,
				D000C5452EA951AC00F120BE /* XsiteDubaiUITests */,
			);
		};
/* End PBXProject section */

/* Begin PBXResourcesBuildPhase section */
		D000C52B2EA951AA00F120BE /* Resources */ = {
			isa = PBXResourcesBuildPhase;
			buildActionMask = 2147483647;
			files = (
			);
			runOnlyForDeploymentPostprocessing = 0;
		};
		D000C53A2EA951AC00F120BE /* Resources */ = {
			isa = PBXResourcesBuildPhase;
			buildActionMask = 2147483647;
			files = (
			);
			runOnlyForDeploymentPostprocessing = 0;
		};
		D000C5442EA951AC00F120BE /* Resources */ = {
			isa = PBXResourcesBuildPhase;
			buildActionMask = 2147483647;
			files = (
			);
			runOnlyForDeploymentPostprocessing = 0;
		};
/* End PBXResourcesBuildPhase section */

/* Begin PBXSourcesBuildPhase section */
		D000C5292EA951AA00F120BE /* Sources */ = {
			isa = PBXSourcesBuildPhase;
			buildActionMask = 2147483647;
			files = (
			);
			runOnlyForDeploymentPostprocessing = 0;
		};
		D000C5382EA951AC00F120BE /* Sources */ = {
			isa = PBXSourcesBuildPhase;
			buildActionMask = 2147483647;
			files = (
			);
			runOnlyForDeploymentPostprocessing = 0;
		};
		D000C5422EA951AC00F120BE /* Sources */ = {
			isa = PBXSourcesBuildPhase;
			buildActionMask = 2147483647;
			files = (
			);
			runOnlyForDeploymentPostprocessing = 0;
		};
/* End PBXSourcesBuildPhase section */

/* Begin PBXTargetDependency section */
		D000C53E2EA951AC00F120BE /* PBXTargetDependency */ = {
			isa = PBXTargetDependency;
			target = D000C52C2EA951AA00F120BE /* XsiteDubai */;
			targetProxy = D000C53D2EA951AC00F120BE /* PBXContainerItemProxy */;
		};
		D000C5482EA951AC00F120BE /* PBXTargetDependency */ = {
			isa = PBXTargetDependency;
			target = D000C52C2EA951AA00F120BE /* XsiteDubai */;
			targetProxy = D000C5472EA951AC00F120BE /* PBXContainerItemProxy */;
		};
/* End PBXTargetDependency section */

/* Begin XCBuildConfiguration section */
		D000C54E2EA951AC00F120BE /* Debug */ = {
			isa = XCBuildConfiguration;
			buildSettings = {
				ALWAYS_SEARCH_USER_PATHS = NO;
				ASSETCATALOG_COMPILER_GENERATE_SWIFT_ASSET_SYMBOL_EXTENSIONS = YES;
				CLANG_ANALYZER_NONNULL = YES;
				CLANG_ANALYZER_NUMBER_OBJECT_CONVERSION = YES_AGGRESSIVE;
				CLANG_CXX_LANGUAGE_STANDARD = "gnu++20";
				CLANG_ENABLE_MODULES = YES;
				CLANG_ENABLE_OBJC_ARC = YES;
				CLANG_ENABLE_OBJC_WEAK = YES;
				CLANG_WARN_BLOCK_CAPTURE_AUTORELEASING = YES;
				CLANG_WARN_BOOL_CONVERSION = YES;
				CLANG_WARN_COMMA = YES;
				CLANG_WARN_CONSTANT_CONVERSION = YES;
				CLANG_WARN_DEPRECATED_OBJC_IMPLEMENTATIONS = YES;
				CLANG_WARN_DIRECT_OBJC_ISA_USAGE = YES_ERROR;
				CLANG_WARN_DOCUMENTATION_COMMENTS = YES;
				CLANG_WARN_EMPTY_BODY = YES;
				CLANG_WARN_ENUM_CONVERSION = YES;
				CLANG_WARN_INFINITE_RECURSION = YES;
				CLANG_WARN_INT_CONVERSION = YES;
				CLANG_WARN_NON_LITERAL_NULL_CONVERSION = YES;
				CLANG_WARN_OBJC_IMPLICIT_RETAIN_SELF = YES;
				CLANG_WARN_OBJC_LITERAL_CONVERSION = YES;
				CLANG_WARN_OBJC_ROOT_CLASS = YES_ERROR;
				CLANG_WARN_QUOTED_INCLUDE_IN_FRAMEWORK_HEADER = YES;
				CLANG_WARN_RANGE_LOOP_ANALYSIS = YES;
				CLANG_WARN_STRICT_PROTOTYPES = YES;
				CLANG_WARN_SUSPICIOUS_MOVE = YES;
				CLANG_WARN_UNGUARDED_AVAILABILITY = YES_AGGRESSIVE;
				CLANG_WARN_UNREACHABLE_CODE = YES;
				CLANG_WARN__DUPLICATE_METHOD_MATCH = YES;
				COPY_PHASE_STRIP = NO;
				DEBUG_INFORMATION_FORMAT = dwarf;
				DEVELOPMENT_TEAM = N2TS645F4D;
				ENABLE_STRICT_OBJC_MSGSEND = YES;
				ENABLE_TESTABILITY = YES;
				ENABLE_USER_SCRIPT_SANDBOXING = YES;
				GCC_C_LANGUAGE_STANDARD = gnu17;
				GCC_DYNAMIC_NO_PIC = NO;
				GCC_NO_COMMON_BLOCKS = YES;
				GCC_OPTIMIZATION_LEVEL = 0;
				GCC_PREPROCESSOR_DEFINITIONS = (
					"DEBUG=1",
					"$(inherited)",
				);
				GCC_WARN_64_TO_32_BIT_CONVERSION = YES;
				GCC_WARN_ABOUT_RETURN_TYPE = YES_ERROR;
				GCC_WARN_UNDECLARED_SELECTOR = YES;
				GCC_WARN_UNINITIALIZED_AUTOS = YES_AGGRESSIVE;
				GCC_WARN_UNUSED_FUNCTION = YES;
				GCC_WARN_UNUSED_VARIABLE = YES;
				IPHONEOS_DEPLOYMENT_TARGET = 26.0;
				LOCALIZATION_PREFERS_STRING_CATALOGS = YES;
				MTL_ENABLE_DEBUG_INFO = INCLUDE_SOURCE;
				MTL_FAST_MATH = YES;
				ONLY_ACTIVE_ARCH = YES;
				SDKROOT = iphoneos;
				SWIFT_ACTIVE_COMPILATION_CONDITIONS = "DEBUG $(inherited)";
				SWIFT_OPTIMIZATION_LEVEL = "-Onone";
			};
			name = Debug;
		};
		D000C54F2EA951AC00F120BE /* Release */ = {
			isa = XCBuildConfiguration;
			buildSettings = {
				ALWAYS_SEARCH_USER_PATHS = NO;
				ASSETCATALOG_COMPILER_GENERATE_SWIFT_ASSET_SYMBOL_EXTENSIONS = YES;
				CLANG_ANALYZER_NONNULL = YES;
				CLANG_ANALYZER_NUMBER_OBJECT_CONVERSION = YES_AGGRESSIVE;
				CLANG_CXX_LANGUAGE_STANDARD = "gnu++20";
				CLANG_ENABLE_MODULES = YES;
				CLANG_ENABLE_OBJC_ARC = YES;
				CLANG_ENABLE_OBJC_WEAK = YES;
				CLANG_WARN_BLOCK_CAPTURE_AUTORELEASING = YES;
				CLANG_WARN_BOOL_CONVERSION = YES;
				CLANG_WARN_COMMA = YES;
				CLANG_WARN_CONSTANT_CONVERSION = YES;
				CLANG_WARN_DEPRECATED_OBJC_IMPLEMENTATIONS = YES;
				CLANG_WARN_DIRECT_OBJC_ISA_USAGE = YES_ERROR;
				CLANG_WARN_DOCUMENTATION_COMMENTS = YES;
				CLANG_WARN_EMPTY_BODY = YES;
				CLANG_WARN_ENUM_CONVERSION = YES;
				CLANG_WARN_INFINITE_RECURSION = YES;
				CLANG_WARN_INT_CONVERSION = YES;
				CLANG_WARN_NON_LITERAL_NULL_CONVERSION = YES;
				CLANG_WARN_OBJC_IMPLICIT_RETAIN_SELF = YES;
				CLANG_WARN_OBJC_LITERAL_CONVERSION = YES;
				CLANG_WARN_OBJC_ROOT_CLASS = YES_ERROR;
				CLANG_WARN_QUOTED_INCLUDE_IN_FRAMEWORK_HEADER = YES;
				CLANG_WARN_RANGE_LOOP_ANALYSIS = YES;
				CLANG_WARN_STRICT_PROTOTYPES = YES;
				CLANG_WARN_SUSPICIOUS_MOVE = YES;
				CLANG_WARN_UNGUARDED_AVAILABILITY = YES_AGGRESSIVE;
				CLANG_WARN_UNREACHABLE_CODE = YES;
				CLANG_WARN__DUPLICATE_METHOD_MATCH = YES;
				COPY_PHASE_STRIP = NO;
				DEBUG_INFORMATION_FORMAT = "dwarf-with-dsym";
				DEVELOPMENT_TEAM = N2TS645F4D;
				ENABLE_NS_ASSERTIONS = NO;
				ENABLE_STRICT_OBJC_MSGSEND = YES;
				ENABLE_USER_SCRIPT_SANDBOXING = YES;
				GCC_C_LANGUAGE_STANDARD = gnu17;
				GCC_NO_COMMON_BLOCKS = YES;
				GCC_WARN_64_TO_32_BIT_CONVERSION = YES;
				GCC_WARN_ABOUT_RETURN_TYPE = YES_ERROR;
				GCC_WARN_UNDECLARED_SELECTOR = YES;
				GCC_WARN_UNINITIALIZED_AUTOS = YES_AGGRESSIVE;
				GCC_WARN_UNUSED_FUNCTION = YES;
				GCC_WARN_UNUSED_VARIABLE = YES;
				IPHONEOS_DEPLOYMENT_TARGET = 26.0;
				LOCALIZATION_PREFERS_STRING_CATALOGS = YES;
				MTL_ENABLE_DEBUG_INFO = NO;
				MTL_FAST_MATH = YES;
				SDKROOT = iphoneos;
				SWIFT_COMPILATION_MODE = wholemodule;
				VALIDATE_PRODUCT = YES;
			};
			name = Release;
		};
		D000C5512EA951AC00F120BE /* Debug */ = {
			isa = XCBuildConfiguration;
			buildSettings = {
				ASSETCATALOG_COMPILER_APPICON_NAME = AppIcon;
				ASSETCATALOG_COMPILER_GLOBAL_ACCENT_COLOR_NAME = AccentColor;
				ASSETCATALOG_COMPILER_INCLUDE_ALL_APPICON_ASSETS = YES;
				CODE_SIGN_IDENTITY = "Apple Development";
				CODE_SIGN_STYLE = Automatic;
				CURRENT_PROJECT_VERSION = 1;
				DEVELOPMENT_TEAM = N2TS645F4D;
				ENABLE_PREVIEWS = YES;
				GENERATE_INFOPLIST_FILE = YES;
				INFOPLIST_KEY_CFBundleDisplayName = "Xsite Dubai";
				INFOPLIST_KEY_LSApplicationCategoryType = "public.app-category.business";
				INFOPLIST_KEY_UIApplicationSceneManifest_Generation = YES;
				INFOPLIST_KEY_UIApplicationSupportsIndirectInputEvents = YES;
				INFOPLIST_KEY_UILaunchScreen_Generation = YES;
				INFOPLIST_KEY_UISupportedInterfaceOrientations = "UIInterfaceOrientationLandscapeLeft UIInterfaceOrientationLandscapeRight UIInterfaceOrientationPortrait";
				INFOPLIST_KEY_UISupportedInterfaceOrientations_iPad = "UIInterfaceOrientationLandscapeLeft UIInterfaceOrientationLandscapeRight UIInterfaceOrientationPortrait UIInterfaceOrientationPortraitUpsideDown";
				LD_RUNPATH_SEARCH_PATHS = (
					"$(inherited)",
					"@executable_path/Frameworks",
				);
				MARKETING_VERSION = 1.0;
				PRODUCT_BUNDLE_IDENTIFIER = com.shahapp.XsiteDubai;
				PRODUCT_NAME = "$(TARGET_NAME)";
				PROVISIONING_PROFILE_SPECIFIER = "";
				STRING_CATALOG_GENERATE_SYMBOLS = YES;
				SWIFT_APPROACHABLE_CONCURRENCY = YES;
				SWIFT_DEFAULT_ACTOR_ISOLATION = MainActor;
				SWIFT_EMIT_LOC_STRINGS = YES;
				SWIFT_UPCOMING_FEATURE_MEMBER_IMPORT_VISIBILITY = YES;
				SWIFT_VERSION = 5.0;
				TARGETED_DEVICE_FAMILY = "1,2";
			};
			name = Debug;
		};
		D000C5522EA951AC00F120BE /* Release */ = {
			isa = XCBuildConfiguration;
			buildSettings = {
				ASSETCATALOG_COMPILER_APPICON_NAME = AppIcon;
				ASSETCATALOG_COMPILER_GLOBAL_ACCENT_COLOR_NAME = AccentColor;
				ASSETCATALOG_COMPILER_INCLUDE_ALL_APPICON_ASSETS = YES;
				CODE_SIGN_IDENTITY = "Apple Development";
				CODE_SIGN_STYLE = Automatic;
				CURRENT_PROJECT_VERSION = 1;
				DEVELOPMENT_TEAM = N2TS645F4D;
				ENABLE_PREVIEWS = YES;
				GENERATE_INFOPLIST_FILE = YES;
				INFOPLIST_KEY_CFBundleDisplayName = "Xsite Dubai";
				INFOPLIST_KEY_LSApplicationCategoryType = "public.app-category.business";
				INFOPLIST_KEY_UIApplicationSceneManifest_Generation = YES;
				INFOPLIST_KEY_UIApplicationSupportsIndirectInputEvents = YES;
				INFOPLIST_KEY_UILaunchScreen_Generation = YES;
				INFOPLIST_KEY_UISupportedInterfaceOrientations = "UIInterfaceOrientationLandscapeLeft UIInterfaceOrientationLandscapeRight UIInterfaceOrientationPortrait";
				INFOPLIST_KEY_UISupportedInterfaceOrientations_iPad = "UIInterfaceOrientationLandscapeLeft UIInterfaceOrientationLandscapeRight UIInterfaceOrientationPortrait UIInterfaceOrientationPortraitUpsideDown";
				LD_RUNPATH_SEARCH_PATHS = (
					"$(inherited)",
					"@executable_path/Frameworks",
				);
				MARKETING_VERSION = 1.0;
				PRODUCT_BUNDLE_IDENTIFIER = com.shahapp.XsiteDubai;
				PRODUCT_NAME = "$(TARGET_NAME)";
				PROVISIONING_PROFILE_SPECIFIER = "";
				STRING_CATALOG_GENERATE_SYMBOLS = YES;
				SWIFT_APPROACHABLE_CONCURRENCY = YES;
				SWIFT_DEFAULT_ACTOR_ISOLATION = MainActor;
				SWIFT_EMIT_LOC_STRINGS = YES;
				SWIFT_UPCOMING_FEATURE_MEMBER_IMPORT_VISIBILITY = YES;
				SWIFT_VERSION = 5.0;
				TARGETED_DEVICE_FAMILY = "1,2";
			};
			name = Release;
		};
		D000C5542EA951AC00F120BE /* Debug */ = {
			isa = XCBuildConfiguration;
			buildSettings = {
				BUNDLE_LOADER = "$(TEST_HOST)";
				CODE_SIGN_STYLE = Automatic;
				CURRENT_PROJECT_VERSION = 1;
				DEVELOPMENT_TEAM = N2TS645F4D;
				GENERATE_INFOPLIST_FILE = YES;
				IPHONEOS_DEPLOYMENT_TARGET = 26.0;
				MARKETING_VERSION = 1.0;
				PRODUCT_BUNDLE_IDENTIFIER = com.Xsite.XsiteDubaiTests;
				PRODUCT_NAME = "$(TARGET_NAME)";
				STRING_CATALOG_GENERATE_SYMBOLS = NO;
				SWIFT_APPROACHABLE_CONCURRENCY = YES;
				SWIFT_EMIT_LOC_STRINGS = NO;
				SWIFT_UPCOMING_FEATURE_MEMBER_IMPORT_VISIBILITY = YES;
				SWIFT_VERSION = 5.0;
				TARGETED_DEVICE_FAMILY = "1,2";
				TEST_HOST = "$(BUILT_PRODUCTS_DIR)/XsiteDubai.app/$(BUNDLE_EXECUTABLE_FOLDER_PATH)/XsiteDubai";
			};
			name = Debug;
		};
		D000C5552EA951AC00F120BE /* Release */ = {
			isa = XCBuildConfiguration;
			buildSettings = {
				BUNDLE_LOADER = "$(TEST_HOST)";
				CODE_SIGN_STYLE = Automatic;
				CURRENT_PROJECT_VERSION = 1;
				DEVELOPMENT_TEAM = N2TS645F4D;
				GENERATE_INFOPLIST_FILE = YES;
				IPHONEOS_DEPLOYMENT_TARGET = 26.0;
				MARKETING_VERSION = 1.0;
				PRODUCT_BUNDLE_IDENTIFIER = com.Xsite.XsiteDubaiTests;
				PRODUCT_NAME = "$(TARGET_NAME)";
				STRING_CATALOG_GENERATE_SYMBOLS = NO;
				SWIFT_APPROACHABLE_CONCURRENCY = YES;
				SWIFT_EMIT_LOC_STRINGS = NO;
				SWIFT_UPCOMING_FEATURE_MEMBER_IMPORT_VISIBILITY = YES;
				SWIFT_VERSION = 5.0;
				TARGETED_DEVICE_FAMILY = "1,2";
				TEST_HOST = "$(BUILT_PRODUCTS_DIR)/XsiteDubai.app/$(BUNDLE_EXECUTABLE_FOLDER_PATH)/XsiteDubai";
			};
			name = Release;
		};
		D000C5572EA951AC00F120BE /* Debug */ = {
			isa = XCBuildConfiguration;
			buildSettings = {
				CODE_SIGN_STYLE = Automatic;
				CURRENT_PROJECT_VERSION = 1;
				DEVELOPMENT_TEAM = N2TS645F4D;
				GENERATE_INFOPLIST_FILE = YES;
				MARKETING_VERSION = 1.0;
				PRODUCT_BUNDLE_IDENTIFIER = com.Xsite.XsiteDubaiUITests;
				PRODUCT_NAME = "$(TARGET_NAME)";
				STRING_CATALOG_GENERATE_SYMBOLS = NO;
				SWIFT_APPROACHABLE_CONCURRENCY = YES;
				SWIFT_EMIT_LOC_STRINGS = NO;
				SWIFT_UPCOMING_FEATURE_MEMBER_IMPORT_VISIBILITY = YES;
				SWIFT_VERSION = 5.0;
				TARGETED_DEVICE_FAMILY = "1,2";
				TEST_TARGET_NAME = XsiteDubai;
			};
			name = Debug;
		};
		D000C5582EA951AC00F120BE /* Release */ = {
			isa = XCBuildConfiguration;
			buildSettings = {
				CODE_SIGN_STYLE = Automatic;
				CURRENT_PROJECT_VERSION = 1;
				DEVELOPMENT_TEAM = N2TS645F4D;
				GENERATE_INFOPLIST_FILE = YES;
				MARKETING_VERSION = 1.0;
				PRODUCT_BUNDLE_IDENTIFIER = com.Xsite.XsiteDubaiUITests;
				PRODUCT_NAME = "$(TARGET_NAME)";
				STRING_CATALOG_GENERATE_SYMBOLS = NO;
				SWIFT_APPROACHABLE_CONCURRENCY = YES;
				SWIFT_EMIT_LOC_STRINGS = NO;
				SWIFT_UPCOMING_FEATURE_MEMBER_IMPORT_VISIBILITY = YES;
				SWIFT_VERSION = 5.0;
				TARGETED_DEVICE_FAMILY = "1,2";
				TEST_TARGET_NAME = XsiteDubai;
			};
			name = Release;
		};
/* End XCBuildConfiguration section */

/* Begin XCConfigurationList section */
		D000C5282EA951AA00F120BE /* Build configuration list for PBXProject "XsiteDubai" */ = {
			isa = XCConfigurationList;
			buildConfigurations = (
				D000C54E2EA951AC00F120BE /* Debug */,
				D000C54F2EA951AC00F120BE /* Release */,
			);
			defaultConfigurationIsVisible = 0;
			defaultConfigurationName = Release;
		};
		D000C5502EA951AC00F120BE /* Build configuration list for PBXNativeTarget "XsiteDubai" */ = {
			isa = XCConfigurationList;
			buildConfigurations = (
				D000C5512EA951AC00F120BE /* Debug */,
				D000C5522EA951AC00F120BE /* Release */,
			);
			defaultConfigurationIsVisible = 0;
			defaultConfigurationName = Release;
		};
		D000C5532EA951AC00F120BE /* Build configuration list for PBXNativeTarget "XsiteDubaiTests" */ = {
			isa = XCConfigurationList;
			buildConfigurations = (
				D000C5542EA951AC00F120BE /* Debug */,
				D000C5552EA951AC00F120BE /* Release */,
			);
			defaultConfigurationIsVisible = 0;
			defaultConfigurationName = Release;
		};
		D000C5562EA951AC00F120BE /* Build configuration list for PBXNativeTarget "XsiteDubaiUITests" */ = {
			isa = XCConfigurationList;
			buildConfigurations = (
				D000C5572EA951AC00F120BE /* Debug */,
				D000C5582EA951AC00F120BE /* Release */,
			);
			defaultConfigurationIsVisible = 0;
			defaultConfigurationName = Release;
		};
/* End XCConfigurationList section */
	};
	rootObject = D000C5252EA951AA00F120BE /* Project object */;
}
